
Microsoft Visual Studio Solution File, Format Version 12.00
# Visual Studio Version 17
VisualStudioVersion = 17.7.34009.444
MinimumVisualStudioVersion = 10.0.40219.1
Project("{8BC9CEB8-8B4A-11D0-8D11-00A0C91BC942}") = "Week1Opdracht1", "Week1Opdracht1.vcxproj", "{57AD5B20-8988-45DD-899C-8142B6758914}"
EndProject
Global
	GlobalSection(SolutionConfigurationPlatforms) = preSolution
		Debug|x64 = Debug|x64
		Debug|x86 = Debug|x86
		Release|x64 = Release|x64
		Release|x86 = Release|x86
	EndGlobalSection
	GlobalSection(ProjectConfigurationPlatforms) = postSolution
		{57AD5B20-8988-45DD-899C-8142B6758914}.Debug|x64.ActiveCfg = Debug|x64
		{57AD5B20-8988-45DD-899C-8142B6758914}.Debug|x64.Build.0 = Debug|x64
		{57AD5B20-8988-45DD-899C-8142B6758914}.Debug|x86.ActiveCfg = Debug|Win32
		{57AD5B20-8988-45DD-899C-8142B6758914}.Debug|x86.Build.0 = Debug|Win32
		{57AD5B20-8988-45DD-899C-8142B6758914}.Release|x64.ActiveCfg = Release|x64
		{57AD5B20-8988-45DD-899C-8142B6758914}.Release|x64.Build.0 = Release|x64
		{57AD5B20-8988-45DD-899C-8142B6758914}.Release|x86.ActiveCfg = Release|Win32
		{57AD5B20-8988-45DD-899C-8142B6758914}.Release|x86.Build.0 = Release|Win32
	EndGlobalSection
	GlobalSection(SolutionProperties) = preSolution
		HideSolutionNode = FALSE
	EndGlobalSection
	GlobalSection(ExtensibilityGlobals) = postSolution
		SolutionGuid = {92405EF0-9E42-4753-98B3-9C7FF0C26034}
	EndGlobalSection
EndGlobal
